
Microsoft Visual Studio Solution File, Format Version 12.00
# Visual Studio Version 16
VisualStudioVersion = 16.0.31129.286
MinimumVisualStudioVersion = 10.0.40219.1
Project("{FAE04EC0-301F-11D3-BF4B-00C04F79EFBC}") = "BlogProjectMVC", "BlogProjectMVC\BlogProjectMVC.csproj", "{7B31519C-4905-4C00-B0D1-1E029789379B}"
EndProject
Global
	GlobalSection(SolutionConfigurationPlatforms) = preSolution
		Debug|Any CPU = Debug|Any CPU
		Release|Any CPU = Release|Any CPU
	EndGlobalSection
	GlobalSection(ProjectConfigurationPlatforms) = postSolution
		{7B31519C-4905-4C00-B0D1-1E029789379B}.Debug|Any CPU.ActiveCfg = Debug|Any CPU
		{7B31519C-4905-4C00-B0D1-1E029789379B}.Debug|Any CPU.Build.0 = Debug|Any CPU
		{7B31519C-4905-4C00-B0D1-1E029789379B}.Release|Any CPU.ActiveCfg = Release|Any CPU
		{7B31519C-4905-4C00-B0D1-1E029789379B}.Release|Any CPU.Build.0 = Release|Any CPU
	EndGlobalSection
	GlobalSection(SolutionProperties) = preSolution
		HideSolutionNode = FALSE
	EndGlobalSection
	GlobalSection(ExtensibilityGlobals) = postSolution
		SolutionGuid = {444DC33F-0BEE-4AFD-A547-251BBDA58BE9}
	EndGlobalSection
EndGlobal
